{
  "name": "@lastdb/ingestion-app",
  "version": "0.1.0",
  "lockfileVersion": 3,
  "requires": true,
  "packages": {
    "": {
      "name": "@lastdb/ingestion-app",
      "version": "0.1.0",
      "license": "Apache-2.0",
      "dependencies": {
        "@lastdb/app-sdk": "file:../../lastdb_app_sdk"
      },
      "bin": {
        "lastdb-ingestion": "bin/ingestion-app.mjs"
      },
      "engines": {
        "node": ">=18"
      }
    },
    "../../lastdb_app_sdk": {
      "name": "@lastdb/app-sdk",
      "version": "0.2.0",
      "license": "MIT",
      "devDependencies": {
        "@types/node": "^20.11.0",
        "@typescript-eslint/eslint-plugin": "^7.0.0",
        "@typescript-eslint/parser": "^7.0.0",
        "eslint": "^8.57.0",
        "typescript": "^5.4.0",
        "vitest": "^1.6.0"
      },
      "engines": {
        "node": ">=18"
      }
    },
    "node_modules/@lastdb/app-sdk": {
      "resolved": "../../lastdb_app_sdk",
      "link": true
    }
  }
}
